// !$*UTF8*$!
{
	archiveVersion = 1;
	classes = {
	};
	objectVersion = 77;
	objects = {

/* Begin PBXBuildFile section */
		554101172D43E82000DCA584 /* Secret.xcconfig in Resources */ = {isa = PBXBuildFile; fileRef = 554101162D43E82000DCA584 /* Secret.xcconfig */; };
		5541011B2D44797400DCA584 /* SnapKit in Frameworks */ = {isa = PBXBuildFile; productRef = 5541011A2D44797400DCA584 /* SnapKit */; };
		5541011E2D44798800DCA584 /* Alamofire in Frameworks */ = {isa = PBXBuildFile; productRef = 5541011D2D44798800DCA584 /* Alamofire */; };
		554101212D4479A200DCA584 /* Kingfisher in Frameworks */ = {isa = PBXBuildFile; productRef = 554101202D4479A200DCA584 /* Kingfisher */; };
		554101232D447A3400DCA584 /* OnboardingView.swift in Sources */ = {isa = PBXBuildFile; fileRef = 554101222D447A3400DCA584 /* OnboardingView.swift */; };
		554101272D44875400DCA584 /* ProfileSettingViewController.swift in Sources */ = {isa = PBXBuildFile; fileRef = 554101262D44875400DCA584 /* ProfileSettingViewController.swift */; };
		554101292D44876300DCA584 /* ProfileSettingView.swift in Sources */ = {isa = PBXBuildFile; fileRef = 554101282D44876300DCA584 /* ProfileSettingView.swift */; };
		554101512D44AD7C00DCA584 /* CapsuleBorderButton.swift in Sources */ = {isa = PBXBuildFile; fileRef = 554101502D44AD7C00DCA584 /* CapsuleBorderButton.swift */; };
		554101532D451AE800DCA584 /* TabBarViewController.swift in Sources */ = {isa = PBXBuildFile; fileRef = 554101522D451AE800DCA584 /* TabBarViewController.swift */; };
		554101552D451BB800DCA584 /* MainViewController.swift in Sources */ = {isa = PBXBuildFile; fileRef = 554101542D451BB800DCA584 /* MainViewController.swift */; };
		554101572D451BDB00DCA584 /* UpcomingViewController.swift in Sources */ = {isa = PBXBuildFile; fileRef = 554101562D451BDB00DCA584 /* UpcomingViewController.swift */; };
		554101592D451BEC00DCA584 /* SettingViewController.swift in Sources */ = {isa = PBXBuildFile; fileRef = 554101582D451BEC00DCA584 /* SettingViewController.swift */; };
		55462EB02D43D9BE00F6E079 /* UserStatusManager.swift in Sources */ = {isa = PBXBuildFile; fileRef = 55462EAF2D43D9BE00F6E079 /* UserStatusManager.swift */; };
		55462ECF2D43DA7100F6E079 /* OnboardingViewController.swift in Sources */ = {isa = PBXBuildFile; fileRef = 55462ECE2D43DA7100F6E079 /* OnboardingViewController.swift */; };
		55EA5BC02D43BF3500DF7DF0 /* .gitignore in Resources */ = {isa = PBXBuildFile; fileRef = 55EA5BBF2D43BF3500DF7DF0 /* .gitignore */; };
		55EA5BCD2D43C2A900DF7DF0 /* Assets.xcassets in Resources */ = {isa = PBXBuildFile; fileRef = 55EA5BC42D43C2A900DF7DF0 /* Assets.xcassets */; };
		55EA5BCF2D43C2A900DF7DF0 /* LaunchScreen.storyboard in Resources */ = {isa = PBXBuildFile; fileRef = 55EA5BC72D43C2A900DF7DF0 /* LaunchScreen.storyboard */; };
		55EA5BD12D43C2A900DF7DF0 /* AppDelegate.swift in Sources */ = {isa = PBXBuildFile; fileRef = 55EA5BC32D43C2A900DF7DF0 /* AppDelegate.swift */; };
		55EA5BD22D43C2A900DF7DF0 /* SceneDelegate.swift in Sources */ = {isa = PBXBuildFile; fileRef = 55EA5BCA2D43C2A900DF7DF0 /* SceneDelegate.swift */; };
		55EA5BD82D43C3D200DF7DF0 /* SecretManager.swift in Sources */ = {isa = PBXBuildFile; fileRef = 55EA5BD72D43C3D200DF7DF0 /* SecretManager.swift */; };
		55EA5BDF2D43C89700DF7DF0 /* BaseView.swift in Sources */ = {isa = PBXBuildFile; fileRef = 55EA5BDE2D43C89700DF7DF0 /* BaseView.swift */; };
/* End PBXBuildFile section */

/* Begin PBXFileReference section */
		554101162D43E82000DCA584 /* Secret.xcconfig */ = {isa = PBXFileReference; lastKnownFileType = text.xcconfig; name = Secret.xcconfig; path = FilmIt/Config/Debug/Secret.xcconfig; sourceTree = SOURCE_ROOT; };
		554101222D447A3400DCA584 /* OnboardingView.swift */ = {isa = PBXFileReference; lastKnownFileType = sourcecode.swift; path = OnboardingView.swift; sourceTree = "<group>"; };
		554101262D44875400DCA584 /* ProfileSettingViewController.swift */ = {isa = PBXFileReference; lastKnownFileType = sourcecode.swift; path = ProfileSettingViewController.swift; sourceTree = "<group>"; };
		554101282D44876300DCA584 /* ProfileSettingView.swift */ = {isa = PBXFileReference; lastKnownFileType = sourcecode.swift; path = ProfileSettingView.swift; sourceTree = "<group>"; };
		554101502D44AD7C00DCA584 /* CapsuleBorderButton.swift */ = {isa = PBXFileReference; lastKnownFileType = sourcecode.swift; path = CapsuleBorderButton.swift; sourceTree = "<group>"; };
		554101522D451AE800DCA584 /* TabBarViewController.swift */ = {isa = PBXFileReference; lastKnownFileType = sourcecode.swift; path = TabBarViewController.swift; sourceTree = "<group>"; };
		554101542D451BB800DCA584 /* MainViewController.swift */ = {isa = PBXFileReference; lastKnownFileType = sourcecode.swift; path = MainViewController.swift; sourceTree = "<group>"; };
		554101562D451BDB00DCA584 /* UpcomingViewController.swift */ = {isa = PBXFileReference; lastKnownFileType = sourcecode.swift; path = UpcomingViewController.swift; sourceTree = "<group>"; };
		554101582D451BEC00DCA584 /* SettingViewController.swift */ = {isa = PBXFileReference; lastKnownFileType = sourcecode.swift; path = SettingViewController.swift; sourceTree = "<group>"; };
		55462EAF2D43D9BE00F6E079 /* UserStatusManager.swift */ = {isa = PBXFileReference; lastKnownFileType = sourcecode.swift; path = UserStatusManager.swift; sourceTree = "<group>"; };
		55462ECE2D43DA7100F6E079 /* OnboardingViewController.swift */ = {isa = PBXFileReference; lastKnownFileType = sourcecode.swift; path = OnboardingViewController.swift; sourceTree = "<group>"; };
		55EA5BA72D43BF0000DF7DF0 /* FilmIt.app */ = {isa = PBXFileReference; explicitFileType = wrapper.application; includeInIndex = 0; path = FilmIt.app; sourceTree = BUILT_PRODUCTS_DIR; };
		55EA5BBF2D43BF3500DF7DF0 /* .gitignore */ = {isa = PBXFileReference; lastKnownFileType = text; path = .gitignore; sourceTree = "<group>"; };
		55EA5BC32D43C2A900DF7DF0 /* AppDelegate.swift */ = {isa = PBXFileReference; lastKnownFileType = sourcecode.swift; path = AppDelegate.swift; sourceTree = "<group>"; };
		55EA5BC42D43C2A900DF7DF0 /* Assets.xcassets */ = {isa = PBXFileReference; lastKnownFileType = folder.assetcatalog; path = Assets.xcassets; sourceTree = "<group>"; };
		55EA5BC52D43C2A900DF7DF0 /* Info.plist */ = {isa = PBXFileReference; lastKnownFileType = text.plist.xml; path = Info.plist; sourceTree = "<group>"; };
		55EA5BC62D43C2A900DF7DF0 /* Base */ = {isa = PBXFileReference; lastKnownFileType = file.storyboard; name = Base; path = Base.lproj/LaunchScreen.storyboard; sourceTree = "<group>"; };
		55EA5BCA2D43C2A900DF7DF0 /* SceneDelegate.swift */ = {isa = PBXFileReference; lastKnownFileType = sourcecode.swift; path = SceneDelegate.swift; sourceTree = "<group>"; };
		55EA5BD72D43C3D200DF7DF0 /* SecretManager.swift */ = {isa = PBXFileReference; lastKnownFileType = sourcecode.swift; path = SecretManager.swift; sourceTree = "<group>"; };
		55EA5BDE2D43C89700DF7DF0 /* BaseView.swift */ = {isa = PBXFileReference; lastKnownFileType = sourcecode.swift; path = BaseView.swift; sourceTree = "<group>"; };
/* End PBXFileReference section */

/* Begin PBXFrameworksBuildPhase section */
		55EA5BA42D43BF0000DF7DF0 /* Frameworks */ = {
			isa = PBXFrameworksBuildPhase;
			buildActionMask = 2147483647;
			files = (
				554101212D4479A200DCA584 /* Kingfisher in Frameworks */,
				5541011B2D44797400DCA584 /* SnapKit in Frameworks */,
				5541011E2D44798800DCA584 /* Alamofire in Frameworks */,
			);
			runOnlyForDeploymentPostprocessing = 0;
		};
/* End PBXFrameworksBuildPhase section */

/* Begin PBXGroup section */
		554101182D43E85C00DCA584 /* Debug */ = {
			isa = PBXGroup;
			children = (
				554101162D43E82000DCA584 /* Secret.xcconfig */,
			);
			path = Debug;
			sourceTree = "<group>";
		};
		55462EAE2D43D99800F6E079 /* Util */ = {
			isa = PBXGroup;
			children = (
				55462EAF2D43D9BE00F6E079 /* UserStatusManager.swift */,
			);
			path = Util;
			sourceTree = "<group>";
		};
		55EA5B9E2D43BF0000DF7DF0 = {
			isa = PBXGroup;
			children = (
				55EA5BBF2D43BF3500DF7DF0 /* .gitignore */,
				55EA5BCC2D43C2A900DF7DF0 /* FilmIt */,
				55EA5BA82D43BF0000DF7DF0 /* Products */,
			);
			sourceTree = "<group>";
		};
		55EA5BA82D43BF0000DF7DF0 /* Products */ = {
			isa = PBXGroup;
			children = (
				55EA5BA72D43BF0000DF7DF0 /* FilmIt.app */,
			);
			name = Products;
			sourceTree = "<group>";
		};
		55EA5BCC2D43C2A900DF7DF0 /* FilmIt */ = {
			isa = PBXGroup;
			children = (
				55462EAE2D43D99800F6E079 /* Util */,
				55EA5BD92D43C6B000DF7DF0 /* Application */,
				55EA5BD62D43C3B900DF7DF0 /* Config */,
				55EA5BDA2D43C6D200DF7DF0 /* Resource */,
				55EA5BDB2D43C71300DF7DF0 /* View */,
				55EA5BDD2D43C72B00DF7DF0 /* ViewController */,
			);
			path = FilmIt;
			sourceTree = "<group>";
		};
		55EA5BD62D43C3B900DF7DF0 /* Config */ = {
			isa = PBXGroup;
			children = (
				554101182D43E85C00DCA584 /* Debug */,
				55EA5BD72D43C3D200DF7DF0 /* SecretManager.swift */,
			);
			path = Config;
			sourceTree = "<group>";
		};
		55EA5BD92D43C6B000DF7DF0 /* Application */ = {
			isa = PBXGroup;
			children = (
				55EA5BC32D43C2A900DF7DF0 /* AppDelegate.swift */,
				55EA5BCA2D43C2A900DF7DF0 /* SceneDelegate.swift */,
				55EA5BC52D43C2A900DF7DF0 /* Info.plist */,
			);
			path = Application;
			sourceTree = "<group>";
		};
		55EA5BDA2D43C6D200DF7DF0 /* Resource */ = {
			isa = PBXGroup;
			children = (
				55EA5BC42D43C2A900DF7DF0 /* Assets.xcassets */,
			);
			path = Resource;
			sourceTree = "<group>";
		};
		55EA5BDB2D43C71300DF7DF0 /* View */ = {
			isa = PBXGroup;
			children = (
				55EA5BDC2D43C71C00DF7DF0 /* Storyboard */,
				55EA5BDE2D43C89700DF7DF0 /* BaseView.swift */,
				554101502D44AD7C00DCA584 /* CapsuleBorderButton.swift */,
				554101222D447A3400DCA584 /* OnboardingView.swift */,
				554101282D44876300DCA584 /* ProfileSettingView.swift */,
			);
			path = View;
			sourceTree = "<group>";
		};
		55EA5BDC2D43C71C00DF7DF0 /* Storyboard */ = {
			isa = PBXGroup;
			children = (
				55EA5BC72D43C2A900DF7DF0 /* LaunchScreen.storyboard */,
			);
			path = Storyboard;
			sourceTree = "<group>";
		};
		55EA5BDD2D43C72B00DF7DF0 /* ViewController */ = {
			isa = PBXGroup;
			children = (
				554101522D451AE800DCA584 /* TabBarViewController.swift */,
				55462ECE2D43DA7100F6E079 /* OnboardingViewController.swift */,
				554101542D451BB800DCA584 /* MainViewController.swift */,
				554101562D451BDB00DCA584 /* UpcomingViewController.swift */,
				554101582D451BEC00DCA584 /* SettingViewController.swift */,
				554101262D44875400DCA584 /* ProfileSettingViewController.swift */,
			);
			path = ViewController;
			sourceTree = "<group>";
		};
/* End PBXGroup section */

/* Begin PBXNativeTarget section */
		55EA5BA62D43BF0000DF7DF0 /* FilmIt */ = {
			isa = PBXNativeTarget;
			buildConfigurationList = 55EA5BBA2D43BF0300DF7DF0 /* Build configuration list for PBXNativeTarget "FilmIt" */;
			buildPhases = (
				55EA5BA32D43BF0000DF7DF0 /* Sources */,
				55EA5BA42D43BF0000DF7DF0 /* Frameworks */,
				55EA5BA52D43BF0000DF7DF0 /* Resources */,
			);
			buildRules = (
			);
			dependencies = (
			);
			name = FilmIt;
			packageProductDependencies = (
				5541011A2D44797400DCA584 /* SnapKit */,
				5541011D2D44798800DCA584 /* Alamofire */,
				554101202D4479A200DCA584 /* Kingfisher */,
			);
			productName = FlimIt;
			productReference = 55EA5BA72D43BF0000DF7DF0 /* FilmIt.app */;
			productType = "com.apple.product-type.application";
		};
/* End PBXNativeTarget section */

/* Begin PBXProject section */
		55EA5B9F2D43BF0000DF7DF0 /* Project object */ = {
			isa = PBXProject;
			attributes = {
				BuildIndependentTargetsInParallel = 1;
				LastSwiftUpdateCheck = 1620;
				LastUpgradeCheck = 1620;
				TargetAttributes = {
					55EA5BA62D43BF0000DF7DF0 = {
						CreatedOnToolsVersion = 16.2;
					};
				};
			};
			buildConfigurationList = 55EA5BA22D43BF0000DF7DF0 /* Build configuration list for PBXProject "FilmIt" */;
			developmentRegion = en;
			hasScannedForEncodings = 0;
			knownRegions = (
				en,
				Base,
			);
			mainGroup = 55EA5B9E2D43BF0000DF7DF0;
			minimizedProjectReferenceProxies = 1;
			packageReferences = (
				554101192D44797400DCA584 /* XCRemoteSwiftPackageReference "SnapKit" */,
				5541011C2D44798800DCA584 /* XCRemoteSwiftPackageReference "Alamofire" */,
				5541011F2D4479A200DCA584 /* XCRemoteSwiftPackageReference "Kingfisher" */,
			);
			preferredProjectObjectVersion = 77;
			productRefGroup = 55EA5BA82D43BF0000DF7DF0 /* Products */;
			projectDirPath = "";
			projectRoot = "";
			targets = (
				55EA5BA62D43BF0000DF7DF0 /* FilmIt */,
			);
		};
/* End PBXProject section */

/* Begin PBXResourcesBuildPhase section */
		55EA5BA52D43BF0000DF7DF0 /* Resources */ = {
			isa = PBXResourcesBuildPhase;
			buildActionMask = 2147483647;
			files = (
				55EA5BCD2D43C2A900DF7DF0 /* Assets.xcassets in Resources */,
				554101172D43E82000DCA584 /* Secret.xcconfig in Resources */,
				55EA5BCF2D43C2A900DF7DF0 /* LaunchScreen.storyboard in Resources */,
				55EA5BC02D43BF3500DF7DF0 /* .gitignore in Resources */,
			);
			runOnlyForDeploymentPostprocessing = 0;
		};
/* End PBXResourcesBuildPhase section */

/* Begin PBXSourcesBuildPhase section */
		55EA5BA32D43BF0000DF7DF0 /* Sources */ = {
			isa = PBXSourcesBuildPhase;
			buildActionMask = 2147483647;
			files = (
				55462EB02D43D9BE00F6E079 /* UserStatusManager.swift in Sources */,
				554101552D451BB800DCA584 /* MainViewController.swift in Sources */,
				55EA5BD12D43C2A900DF7DF0 /* AppDelegate.swift in Sources */,
				55EA5BD22D43C2A900DF7DF0 /* SceneDelegate.swift in Sources */,
				55EA5BDF2D43C89700DF7DF0 /* BaseView.swift in Sources */,
				554101592D451BEC00DCA584 /* SettingViewController.swift in Sources */,
				554101532D451AE800DCA584 /* TabBarViewController.swift in Sources */,
				554101512D44AD7C00DCA584 /* CapsuleBorderButton.swift in Sources */,
				55462ECF2D43DA7100F6E079 /* OnboardingViewController.swift in Sources */,
				554101232D447A3400DCA584 /* OnboardingView.swift in Sources */,
				55EA5BD82D43C3D200DF7DF0 /* SecretManager.swift in Sources */,
				554101272D44875400DCA584 /* ProfileSettingViewController.swift in Sources */,
				554101572D451BDB00DCA584 /* UpcomingViewController.swift in Sources */,
				554101292D44876300DCA584 /* ProfileSettingView.swift in Sources */,
			);
			runOnlyForDeploymentPostprocessing = 0;
		};
/* End PBXSourcesBuildPhase section */

/* Begin PBXVariantGroup section */
		55EA5BC72D43C2A900DF7DF0 /* LaunchScreen.storyboard */ = {
			isa = PBXVariantGroup;
			children = (
				55EA5BC62D43C2A900DF7DF0 /* Base */,
			);
			name = LaunchScreen.storyboard;
			sourceTree = "<group>";
		};
/* End PBXVariantGroup section */

/* Begin XCBuildConfiguration section */
		55EA5BBB2D43BF0300DF7DF0 /* Debug */ = {
			isa = XCBuildConfiguration;
			baseConfigurationReference = 554101162D43E82000DCA584 /* Secret.xcconfig */;
			buildSettings = {
				ASSETCATALOG_COMPILER_APPICON_NAME = AppIcon;
				ASSETCATALOG_COMPILER_GLOBAL_ACCENT_COLOR_NAME = AccentColor;
				CODE_SIGN_STYLE = Automatic;
				CURRENT_PROJECT_VERSION = 1;
				DEVELOPMENT_TEAM = DR659QKCU6;
				GENERATE_INFOPLIST_FILE = YES;
				INFOPLIST_FILE = FilmIt/Application/Info.plist;
				INFOPLIST_KEY_CFBundleDisplayName = "필름잇(한수빈)";
				INFOPLIST_KEY_LSApplicationCategoryType = "public.app-category.entertainment";
				INFOPLIST_KEY_UIApplicationSupportsIndirectInputEvents = YES;
				INFOPLIST_KEY_UILaunchStoryboardName = LaunchScreen;
				INFOPLIST_KEY_UISupportedInterfaceOrientations = UIInterfaceOrientationPortrait;
				INFOPLIST_KEY_UISupportedInterfaceOrientations_iPad = "UIInterfaceOrientationLandscapeLeft UIInterfaceOrientationLandscapeRight UIInterfaceOrientationPortrait UIInterfaceOrientationPortraitUpsideDown";
				INFOPLIST_KEY_UIUserInterfaceStyle = Light;
				IPHONEOS_DEPLOYMENT_TARGET = 16.0;
				LD_RUNPATH_SEARCH_PATHS = (
					"$(inherited)",
					"@executable_path/Frameworks",
				);
				MARKETING_VERSION = 1.0;
				PRODUCT_BUNDLE_IDENTIFIER = com.taylor.FlimIt;
				PRODUCT_NAME = "$(TARGET_NAME)";
				SUPPORTED_PLATFORMS = "iphoneos iphonesimulator";
				SUPPORTS_MACCATALYST = NO;
				SUPPORTS_MAC_DESIGNED_FOR_IPHONE_IPAD = NO;
				SUPPORTS_XR_DESIGNED_FOR_IPHONE_IPAD = NO;
				SWIFT_EMIT_LOC_STRINGS = YES;
				SWIFT_VERSION = 5.0;
				TARGETED_DEVICE_FAMILY = 1;
			};
			name = Debug;
		};
		55EA5BBC2D43BF0300DF7DF0 /* Release */ = {
			isa = XCBuildConfiguration;
			buildSettings = {
				ASSETCATALOG_COMPILER_APPICON_NAME = AppIcon;
				ASSETCATALOG_COMPILER_GLOBAL_ACCENT_COLOR_NAME = AccentColor;
				CODE_SIGN_STYLE = Automatic;
				CURRENT_PROJECT_VERSION = 1;
				DEVELOPMENT_TEAM = DR659QKCU6;
				GENERATE_INFOPLIST_FILE = YES;
				INFOPLIST_FILE = FilmIt/Application/Info.plist;
				INFOPLIST_KEY_CFBundleDisplayName = "필름잇(한수빈)";
				INFOPLIST_KEY_LSApplicationCategoryType = "public.app-category.entertainment";
				INFOPLIST_KEY_UIApplicationSupportsIndirectInputEvents = YES;
				INFOPLIST_KEY_UILaunchStoryboardName = LaunchScreen;
				INFOPLIST_KEY_UISupportedInterfaceOrientations = UIInterfaceOrientationPortrait;
				INFOPLIST_KEY_UISupportedInterfaceOrientations_iPad = "UIInterfaceOrientationLandscapeLeft UIInterfaceOrientationLandscapeRight UIInterfaceOrientationPortrait UIInterfaceOrientationPortraitUpsideDown";
				INFOPLIST_KEY_UIUserInterfaceStyle = Light;
				IPHONEOS_DEPLOYMENT_TARGET = 16.0;
				LD_RUNPATH_SEARCH_PATHS = (
					"$(inherited)",
					"@executable_path/Frameworks",
				);
				MARKETING_VERSION = 1.0;
				PRODUCT_BUNDLE_IDENTIFIER = com.taylor.FlimIt;
				PRODUCT_NAME = "$(TARGET_NAME)";
				SUPPORTED_PLATFORMS = "iphoneos iphonesimulator";
				SUPPORTS_MACCATALYST = NO;
				SUPPORTS_MAC_DESIGNED_FOR_IPHONE_IPAD = NO;
				SUPPORTS_XR_DESIGNED_FOR_IPHONE_IPAD = NO;
				SWIFT_EMIT_LOC_STRINGS = YES;
				SWIFT_VERSION = 5.0;
				TARGETED_DEVICE_FAMILY = 1;
			};
			name = Release;
		};
		55EA5BBD2D43BF0300DF7DF0 /* Debug */ = {
			isa = XCBuildConfiguration;
			buildSettings = {
				ALWAYS_SEARCH_USER_PATHS = NO;
				ASSETCATALOG_COMPILER_GENERATE_SWIFT_ASSET_SYMBOL_EXTENSIONS = YES;
				CLANG_ANALYZER_NONNULL = YES;
				CLANG_ANALYZER_NUMBER_OBJECT_CONVERSION = YES_AGGRESSIVE;
				CLANG_CXX_LANGUAGE_STANDARD = "gnu++20";
				CLANG_ENABLE_MODULES = YES;
				CLANG_ENABLE_OBJC_ARC = YES;
				CLANG_ENABLE_OBJC_WEAK = YES;
				CLANG_WARN_BLOCK_CAPTURE_AUTORELEASING = YES;
				CLANG_WARN_BOOL_CONVERSION = YES;
				CLANG_WARN_COMMA = YES;
				CLANG_WARN_CONSTANT_CONVERSION = YES;
				CLANG_WARN_DEPRECATED_OBJC_IMPLEMENTATIONS = YES;
				CLANG_WARN_DIRECT_OBJC_ISA_USAGE = YES_ERROR;
				CLANG_WARN_DOCUMENTATION_COMMENTS = YES;
				CLANG_WARN_EMPTY_BODY = YES;
				CLANG_WARN_ENUM_CONVERSION = YES;
				CLANG_WARN_INFINITE_RECURSION = YES;
				CLANG_WARN_INT_CONVERSION = YES;
				CLANG_WARN_NON_LITERAL_NULL_CONVERSION = YES;
				CLANG_WARN_OBJC_IMPLICIT_RETAIN_SELF = YES;
				CLANG_WARN_OBJC_LITERAL_CONVERSION = YES;
				CLANG_WARN_OBJC_ROOT_CLASS = YES_ERROR;
				CLANG_WARN_QUOTED_INCLUDE_IN_FRAMEWORK_HEADER = YES;
				CLANG_WARN_RANGE_LOOP_ANALYSIS = YES;
				CLANG_WARN_STRICT_PROTOTYPES = YES;
				CLANG_WARN_SUSPICIOUS_MOVE = YES;
				CLANG_WARN_UNGUARDED_AVAILABILITY = YES_AGGRESSIVE;
				CLANG_WARN_UNREACHABLE_CODE = YES;
				CLANG_WARN__DUPLICATE_METHOD_MATCH = YES;
				COPY_PHASE_STRIP = NO;
				DEBUG_INFORMATION_FORMAT = dwarf;
				ENABLE_STRICT_OBJC_MSGSEND = YES;
				ENABLE_TESTABILITY = YES;
				ENABLE_USER_SCRIPT_SANDBOXING = YES;
				GCC_C_LANGUAGE_STANDARD = gnu17;
				GCC_DYNAMIC_NO_PIC = NO;
				GCC_NO_COMMON_BLOCKS = YES;
				GCC_OPTIMIZATION_LEVEL = 0;
				GCC_PREPROCESSOR_DEFINITIONS = (
					"DEBUG=1",
					"$(inherited)",
				);
				GCC_WARN_64_TO_32_BIT_CONVERSION = YES;
				GCC_WARN_ABOUT_RETURN_TYPE = YES_ERROR;
				GCC_WARN_UNDECLARED_SELECTOR = YES;
				GCC_WARN_UNINITIALIZED_AUTOS = YES_AGGRESSIVE;
				GCC_WARN_UNUSED_FUNCTION = YES;
				GCC_WARN_UNUSED_VARIABLE = YES;
				IPHONEOS_DEPLOYMENT_TARGET = 18.2;
				LOCALIZATION_PREFERS_STRING_CATALOGS = YES;
				MTL_ENABLE_DEBUG_INFO = INCLUDE_SOURCE;
				MTL_FAST_MATH = YES;
				ONLY_ACTIVE_ARCH = YES;
				SDKROOT = iphoneos;
				SWIFT_ACTIVE_COMPILATION_CONDITIONS = "DEBUG $(inherited)";
				SWIFT_OPTIMIZATION_LEVEL = "-Onone";
			};
			name = Debug;
		};
		55EA5BBE2D43BF0300DF7DF0 /* Release */ = {
			isa = XCBuildConfiguration;
			buildSettings = {
				ALWAYS_SEARCH_USER_PATHS = NO;
				ASSETCATALOG_COMPILER_GENERATE_SWIFT_ASSET_SYMBOL_EXTENSIONS = YES;
				CLANG_ANALYZER_NONNULL = YES;
				CLANG_ANALYZER_NUMBER_OBJECT_CONVERSION = YES_AGGRESSIVE;
				CLANG_CXX_LANGUAGE_STANDARD = "gnu++20";
				CLANG_ENABLE_MODULES = YES;
				CLANG_ENABLE_OBJC_ARC = YES;
				CLANG_ENABLE_OBJC_WEAK = YES;
				CLANG_WARN_BLOCK_CAPTURE_AUTORELEASING = YES;
				CLANG_WARN_BOOL_CONVERSION = YES;
				CLANG_WARN_COMMA = YES;
				CLANG_WARN_CONSTANT_CONVERSION = YES;
				CLANG_WARN_DEPRECATED_OBJC_IMPLEMENTATIONS = YES;
				CLANG_WARN_DIRECT_OBJC_ISA_USAGE = YES_ERROR;
				CLANG_WARN_DOCUMENTATION_COMMENTS = YES;
				CLANG_WARN_EMPTY_BODY = YES;
				CLANG_WARN_ENUM_CONVERSION = YES;
				CLANG_WARN_INFINITE_RECURSION = YES;
				CLANG_WARN_INT_CONVERSION = YES;
				CLANG_WARN_NON_LITERAL_NULL_CONVERSION = YES;
				CLANG_WARN_OBJC_IMPLICIT_RETAIN_SELF = YES;
				CLANG_WARN_OBJC_LITERAL_CONVERSION = YES;
				CLANG_WARN_OBJC_ROOT_CLASS = YES_ERROR;
				CLANG_WARN_QUOTED_INCLUDE_IN_FRAMEWORK_HEADER = YES;
				CLANG_WARN_RANGE_LOOP_ANALYSIS = YES;
				CLANG_WARN_STRICT_PROTOTYPES = YES;
				CLANG_WARN_SUSPICIOUS_MOVE = YES;
				CLANG_WARN_UNGUARDED_AVAILABILITY = YES_AGGRESSIVE;
				CLANG_WARN_UNREACHABLE_CODE = YES;
				CLANG_WARN__DUPLICATE_METHOD_MATCH = YES;
				COPY_PHASE_STRIP = NO;
				DEBUG_INFORMATION_FORMAT = "dwarf-with-dsym";
				ENABLE_NS_ASSERTIONS = NO;
				ENABLE_STRICT_OBJC_MSGSEND = YES;
				ENABLE_USER_SCRIPT_SANDBOXING = YES;
				GCC_C_LANGUAGE_STANDARD = gnu17;
				GCC_NO_COMMON_BLOCKS = YES;
				GCC_WARN_64_TO_32_BIT_CONVERSION = YES;
				GCC_WARN_ABOUT_RETURN_TYPE = YES_ERROR;
				GCC_WARN_UNDECLARED_SELECTOR = YES;
				GCC_WARN_UNINITIALIZED_AUTOS = YES_AGGRESSIVE;
				GCC_WARN_UNUSED_FUNCTION = YES;
				GCC_WARN_UNUSED_VARIABLE = YES;
				IPHONEOS_DEPLOYMENT_TARGET = 18.2;
				LOCALIZATION_PREFERS_STRING_CATALOGS = YES;
				MTL_ENABLE_DEBUG_INFO = NO;
				MTL_FAST_MATH = YES;
				SDKROOT = iphoneos;
				SWIFT_COMPILATION_MODE = wholemodule;
				VALIDATE_PRODUCT = YES;
			};
			name = Release;
		};
/* End XCBuildConfiguration section */

/* Begin XCConfigurationList section */
		55EA5BA22D43BF0000DF7DF0 /* Build configuration list for PBXProject "FilmIt" */ = {
			isa = XCConfigurationList;
			buildConfigurations = (
				55EA5BBD2D43BF0300DF7DF0 /* Debug */,
				55EA5BBE2D43BF0300DF7DF0 /* Release */,
			);
			defaultConfigurationIsVisible = 0;
			defaultConfigurationName = Release;
		};
		55EA5BBA2D43BF0300DF7DF0 /* Build configuration list for PBXNativeTarget "FilmIt" */ = {
			isa = XCConfigurationList;
			buildConfigurations = (
				55EA5BBB2D43BF0300DF7DF0 /* Debug */,
				55EA5BBC2D43BF0300DF7DF0 /* Release */,
			);
			defaultConfigurationIsVisible = 0;
			defaultConfigurationName = Release;
		};
/* End XCConfigurationList section */

/* Begin XCRemoteSwiftPackageReference section */
		554101192D44797400DCA584 /* XCRemoteSwiftPackageReference "SnapKit" */ = {
			isa = XCRemoteSwiftPackageReference;
			repositoryURL = "https://github.com/SnapKit/SnapKit.git";
			requirement = {
				kind = upToNextMajorVersion;
				minimumVersion = 5.7.1;
			};
		};
		5541011C2D44798800DCA584 /* XCRemoteSwiftPackageReference "Alamofire" */ = {
			isa = XCRemoteSwiftPackageReference;
			repositoryURL = "https://github.com/Alamofire/Alamofire";
			requirement = {
				kind = upToNextMajorVersion;
				minimumVersion = 5.10.2;
			};
		};
		5541011F2D4479A200DCA584 /* XCRemoteSwiftPackageReference "Kingfisher" */ = {
			isa = XCRemoteSwiftPackageReference;
			repositoryURL = "https://github.com/onevcat/Kingfisher";
			requirement = {
				kind = upToNextMajorVersion;
				minimumVersion = 8.1.3;
			};
		};
/* End XCRemoteSwiftPackageReference section */

/* Begin XCSwiftPackageProductDependency section */
		5541011A2D44797400DCA584 /* SnapKit */ = {
			isa = XCSwiftPackageProductDependency;
			package = 554101192D44797400DCA584 /* XCRemoteSwiftPackageReference "SnapKit" */;
			productName = SnapKit;
		};
		5541011D2D44798800DCA584 /* Alamofire */ = {
			isa = XCSwiftPackageProductDependency;
			package = 5541011C2D44798800DCA584 /* XCRemoteSwiftPackageReference "Alamofire" */;
			productName = Alamofire;
		};
		554101202D4479A200DCA584 /* Kingfisher */ = {
			isa = XCSwiftPackageProductDependency;
			package = 5541011F2D4479A200DCA584 /* XCRemoteSwiftPackageReference "Kingfisher" */;
			productName = Kingfisher;
		};
/* End XCSwiftPackageProductDependency section */
	};
	rootObject = 55EA5B9F2D43BF0000DF7DF0 /* Project object */;
}
